
Microsoft Visual Studio Solution File, Format Version 12.00
# Visual Studio Version 16
VisualStudioVersion = 16.0.30907.101
MinimumVisualStudioVersion = 10.0.40219.1
Project("{FAE04EC0-301F-11D3-BF4B-00C04F79EFBC}") = "Registration", "Registration\Registration.csproj", "{F1242CF8-6000-408A-B21E-9D4ED4458AE8}"
EndProject
Global
	GlobalSection(SolutionConfigurationPlatforms) = preSolution
		Debug|Any CPU = Debug|Any CPU
		Release|Any CPU = Release|Any CPU
	EndGlobalSection
	GlobalSection(ProjectConfigurationPlatforms) = postSolution
		{F1242CF8-6000-408A-B21E-9D4ED4458AE8}.Debug|Any CPU.ActiveCfg = Debug|Any CPU
		{F1242CF8-6000-408A-B21E-9D4ED4458AE8}.Debug|Any CPU.Build.0 = Debug|Any CPU
		{F1242CF8-6000-408A-B21E-9D4ED4458AE8}.Release|Any CPU.ActiveCfg = Release|Any CPU
		{F1242CF8-6000-408A-B21E-9D4ED4458AE8}.Release|Any CPU.Build.0 = Release|Any CPU
	EndGlobalSection
	GlobalSection(SolutionProperties) = preSolution
		HideSolutionNode = FALSE
	EndGlobalSection
	GlobalSection(ExtensibilityGlobals) = postSolution
		SolutionGuid = {C9DB335D-B1FB-4B86-B8CF-0FC0E76CFE18}
	EndGlobalSection
EndGlobal
